
Microsoft Visual Studio Solution File, Format Version 12.00
Project("{FAE04EC0-301F-11D3-BF4B-00C04F79EFBC}") = "CSharpHomework1", "CSharpHomework1\CSharpHomework1.csproj", "{E42B2C53-AED1-4AA2-9F23-5847EEA52AA9}"
EndProject
Project("{FAE04EC0-301F-11D3-BF4B-00C04F79EFBC}") = "Homework2", "Homework2\Homework2.csproj", "{82873DA4-5A0D-44E1-B94C-6BF8A098E88B}"
EndProject
Project("{FAE04EC0-301F-11D3-BF4B-00C04F79EFBC}") = "Homework3", "Homework3\Homework3.csproj", "{D381369B-1B8B-4F5B-9777-70DEB7B21FBE}"
EndProject
Global
	GlobalSection(SolutionConfigurationPlatforms) = preSolution
		Debug|Any CPU = Debug|Any CPU
		Release|Any CPU = Release|Any CPU
	EndGlobalSection
	GlobalSection(ProjectConfigurationPlatforms) = postSolution
		{E42B2C53-AED1-4AA2-9F23-5847EEA52AA9}.Debug|Any CPU.ActiveCfg = Debug|Any CPU
		{E42B2C53-AED1-4AA2-9F23-5847EEA52AA9}.Debug|Any CPU.Build.0 = Debug|Any CPU
		{E42B2C53-AED1-4AA2-9F23-5847EEA52AA9}.Release|Any CPU.ActiveCfg = Release|Any CPU
		{E42B2C53-AED1-4AA2-9F23-5847EEA52AA9}.Release|Any CPU.Build.0 = Release|Any CPU
		{82873DA4-5A0D-44E1-B94C-6BF8A098E88B}.Debug|Any CPU.ActiveCfg = Debug|Any CPU
		{82873DA4-5A0D-44E1-B94C-6BF8A098E88B}.Debug|Any CPU.Build.0 = Debug|Any CPU
		{82873DA4-5A0D-44E1-B94C-6BF8A098E88B}.Release|Any CPU.ActiveCfg = Release|Any CPU
		{82873DA4-5A0D-44E1-B94C-6BF8A098E88B}.Release|Any CPU.Build.0 = Release|Any CPU
		{D381369B-1B8B-4F5B-9777-70DEB7B21FBE}.Debug|Any CPU.ActiveCfg = Debug|Any CPU
		{D381369B-1B8B-4F5B-9777-70DEB7B21FBE}.Debug|Any CPU.Build.0 = Debug|Any CPU
		{D381369B-1B8B-4F5B-9777-70DEB7B21FBE}.Release|Any CPU.ActiveCfg = Release|Any CPU
		{D381369B-1B8B-4F5B-9777-70DEB7B21FBE}.Release|Any CPU.Build.0 = Release|Any CPU
	EndGlobalSection
EndGlobal
